
Microsoft Visual Studio Solution File, Format Version 12.00
# Visual Studio Version 16
VisualStudioVersion = 16.0.30413.136
MinimumVisualStudioVersion = 10.0.40219.1
Project("{FAE04EC0-301F-11D3-BF4B-00C04F79EFBC}") = "Chess", "Chess\Chess.csproj", "{0BD9F103-A129-44C5-8D16-7E2AB477A14B}"
EndProject
Project("{FAE04EC0-301F-11D3-BF4B-00C04F79EFBC}") = "EightQueens", "EightQueens\EightQueens.csproj", "{0B503C16-7554-42CF-8470-DAEFAA9FE93F}"
EndProject
Global
	GlobalSection(SolutionConfigurationPlatforms) = preSolution
		Debug|Any CPU = Debug|Any CPU
		Release|Any CPU = Release|Any CPU
	EndGlobalSection
	GlobalSection(ProjectConfigurationPlatforms) = postSolution
		{0BD9F103-A129-44C5-8D16-7E2AB477A14B}.Debug|Any CPU.ActiveCfg = Debug|Any CPU
		{0BD9F103-A129-44C5-8D16-7E2AB477A14B}.Debug|Any CPU.Build.0 = Debug|Any CPU
		{0BD9F103-A129-44C5-8D16-7E2AB477A14B}.Release|Any CPU.ActiveCfg = Release|Any CPU
		{0BD9F103-A129-44C5-8D16-7E2AB477A14B}.Release|Any CPU.Build.0 = Release|Any CPU
		{0B503C16-7554-42CF-8470-DAEFAA9FE93F}.Debug|Any CPU.ActiveCfg = Debug|Any CPU
		{0B503C16-7554-42CF-8470-DAEFAA9FE93F}.Debug|Any CPU.Build.0 = Debug|Any CPU
		{0B503C16-7554-42CF-8470-DAEFAA9FE93F}.Release|Any CPU.ActiveCfg = Release|Any CPU
		{0B503C16-7554-42CF-8470-DAEFAA9FE93F}.Release|Any CPU.Build.0 = Release|Any CPU
	EndGlobalSection
	GlobalSection(SolutionProperties) = preSolution
		HideSolutionNode = FALSE
	EndGlobalSection
	GlobalSection(ExtensibilityGlobals) = postSolution
		SolutionGuid = {FF399E30-C44D-4BA7-9153-6448D2CCA08C}
	EndGlobalSection
EndGlobal
